symfony v2.0.15
twig v1.8.2
monolog 1.0.2
doctrine-common 2.1.4
doctrine-dbal 2.1.7
doctrine 2.1.7
swiftmailer v4.1.7
assetic v1.0.3
twig-extensions feb6d3f10c411e2631997c0a905aa581c80305c1
metadata 1.0.0
SensioFrameworkExtraBundle 3dcf2d31ad898db2a5ab418cb03b9f701ba2350f
JMSSecurityExtraBundle e752f888c51425f71382c056961f10f2be642102
SensioDistributionBundle 41a6c5caed65f02bb09c95a90579f047616471fd
SensioGeneratorBundle c0118ce370f8da20e43051f2dd1ae331a202ab9c
AsseticBundle v1.0.1
FOSJsRoutingBundle 1692ba9e4500b75001ec945993d4b7b8cec05a16
KnpMarkdownBundle d0fac3f6d2ac502386ee73def9cf900029e1d353
Behat v2.4.0
Gherkin v2.2.1
Mink v1.4.0
MinkExtension 2fc55fdd358b121b5439acc76be6fa654ebe2e28
MinkGoutteDriver v1.0.3
MinkBrowserKitDriver 97fa7d67ab5afb13d74515c15ef5c0cab12c0bc0
Symfony2Extension a2d91eb0460854f0aa3f69674f5479343eea55e9
BehatViewerExtension 6cac22f402d48ef5ea19e1f5e39d98d87ec1ce9c
